<?xml version="1.0" encoding="utf-8"?>
<Project ToolsVersion="4.0" xmlns="http://schemas.microsoft.com/developer/msbuild/2003">
  <ItemGroup>
    <Filter Include="Source Files">
      <UniqueIdentifier>{4FC737F1-C7A5-4376-A066-2A32D752A2FF}</UniqueIdentifier>
      <Extensions>cpp;c;cc;cxx;def;odl;idl;hpj;bat;asm;asmx</Extensions>
    </Filter>
    <Filter Include="Header Files">
      <UniqueIdentifier>{93995380-89BD-4b04-88EB-625FBE52EBFB}</UniqueIdentifier>
      <Extensions>h;hh;hpp;hxx;hm;inl;inc;xsd</Extensions>
    </Filter>
    <Filter Include="Resource Files">
      <UniqueIdentifier>{67DA6AB6-F800-4c08-8B7A-83BB121AAD01}</UniqueIdentifier>
      <Extensions>rc;ico;cur;bmp;dlg;rc2;rct;bin;rgs;gif;jpg;jpeg;jpe;resx;tiff;tif;png;wav;mfcribbon-ms</Extensions>
    </Filter>
  </ItemGroup>
  <ItemGroup>
    <ClCompile Include="macrolandapp.cpp">
      <Filter>Source Files</Filter>
    </ClCompile>
    <ClCompile Include="scripting\editor\scriptctrl.cpp">
      <Filter>Source Files</Filter>
    </ClCompile>
    <ClCompile Include="scripting\editor\frmscripteditor.cpp">
      <Filter>Source Files</Filter>
    </ClCompile>
    <ClCompile Include="scripting\editor\scriptnotebook.cpp">
      <Filter>Source Files</Filter>
    </ClCompile>
    <ClCompile Include="mainfrm\frmmacroland.cpp">
      <Filter>Source Files</Filter>
    </ClCompile>
    <ClCompile Include="scripting\cmdedit\pnlcmdwnd.cpp">
      <Filter>Source Files</Filter>
    </ClCompile>
    <ClCompile Include="scripting\cmdedit\cmdline.cpp">
      <Filter>Source Files</Filter>
    </ClCompile>
    <ClCompile Include="python\PythonWrapper.cpp">
      <Filter>Source Files</Filter>
    </ClCompile>
    <ClCompile Include="python\packages\pkg_scisuit.cpp">
      <Filter>Source Files</Filter>
    </ClCompile>
    <ClCompile Include="python\packages\cls_icell.cpp">
      <Filter>Source Files</Filter>
    </ClCompile>
    <ClCompile Include="lua\luautil.cpp">
      <Filter>Source Files</Filter>
    </ClCompile>
    <ClCompile Include="mainfrm\frmextensionmngr.cpp">
      <Filter>Source Files</Filter>
    </ClCompile>
    <ClCompile Include="mainfrm\extension.cpp">
      <Filter>Source Files</Filter>
    </ClCompile>
    <ClCompile Include="icell\workbook.cpp">
      <Filter>Source Files</Filter>
    </ClCompile>
    <ClCompile Include="icell\worksheet.cpp">
      <Filter>Source Files</Filter>
    </ClCompile>
    <ClCompile Include="scripting\cmdedit\pnlpathbrowse.cpp">
      <Filter>Source Files</Filter>
    </ClCompile>
    <ClCompile Include="scripting\cmdedit\pnlHistory.cpp">
      <Filter>Source Files</Filter>
    </ClCompile>
    <ClCompile Include="scripting\cmdedit\pnlvariablebrowser.cpp">
      <Filter>Source Files</Filter>
    </ClCompile>
    <ClCompile Include="icell\wsntbk.cpp">
      <Filter>Source Files</Filter>
    </ClCompile>
    <ClCompile Include="icell\popupalign.cpp">
      <Filter>Source Files</Filter>
    </ClCompile>
    <ClCompile Include="lua\wrap\lua_button.cpp">
      <Filter>Source Files</Filter>
    </ClCompile>
    <ClCompile Include="lua\wrap\lua_guifuncs.cpp">
      <Filter>Source Files</Filter>
    </ClCompile>
    <ClCompile Include="lua\wrap\lua_menu.cpp">
      <Filter>Source Files</Filter>
    </ClCompile>
    <ClCompile Include="lua\wrap\lua_toolbarpage.cpp">
      <Filter>Source Files</Filter>
    </ClCompile>
    <ClCompile Include="mainfrm\topbar.cpp">
      <Filter>Source Files</Filter>
    </ClCompile>
    <ClCompile Include="lua\wrap\lua_panel.cpp">
      <Filter>Source Files</Filter>
    </ClCompile>
    <ClCompile Include="lua\widgets\menuelem.cpp">
      <Filter>Source Files</Filter>
    </ClCompile>
    <ClCompile Include="lua\widgets\buttons.cpp">
      <Filter>Source Files</Filter>
    </ClCompile>
    <ClCompile Include="lua\widgets\toolbarntbk.cpp">
      <Filter>Source Files</Filter>
    </ClCompile>
    <ClCompile Include="lua\widgets\baseelement.cpp">
      <Filter>Source Files</Filter>
    </ClCompile>
    <ClCompile Include="lua\widgets\panel.cpp">
      <Filter>Source Files</Filter>
    </ClCompile>
    <ClCompile Include="mainfrm\popupapps.cpp">
      <Filter>Source Files</Filter>
    </ClCompile>
    <ClCompile Include="util\filearchive.cpp">
      <Filter>Source Files</Filter>
    </ClCompile>
    <ClCompile Include="util\util_funcs.cpp">
      <Filter>Source Files</Filter>
    </ClCompile>
    <ClCompile Include="mainfrm\interactstatbar.cpp">
      <Filter>Source Files</Filter>
    </ClCompile>
    <ClCompile Include="util\cdate.cpp">
      <Filter>Source Files</Filter>
    </ClCompile>
    <ClCompile Include="util\recentfiles.cpp">
      <Filter>Source Files</Filter>
    </ClCompile>
  </ItemGroup>
  <ItemGroup>
    <ClInclude Include="macrolandapp.h">
      <Filter>Header Files</Filter>
    </ClInclude>
    <ClInclude Include="resource.h">
      <Filter>Header Files</Filter>
    </ClInclude>
    <ClInclude Include="scripting\editor\scriptctrl.h">
      <Filter>Header Files</Filter>
    </ClInclude>
    <ClInclude Include="scripting\editor\frmscripteditor.h">
      <Filter>Header Files</Filter>
    </ClInclude>
    <ClInclude Include="scripting\editor\scriptnotebook.h">
      <Filter>Header Files</Filter>
    </ClInclude>
    <ClInclude Include="mainfrm\frmmacroland.h">
      <Filter>Header Files</Filter>
    </ClInclude>
    <ClInclude Include="plotter\chartdata\NumericDataPair.h">
      <Filter>Header Files</Filter>
    </ClInclude>
    <ClInclude Include="scripting\cmdedit\pnlcmdwnd.h">
      <Filter>Header Files</Filter>
    </ClInclude>
    <ClInclude Include="scripting\cmdedit\cmdline.h">
      <Filter>Header Files</Filter>
    </ClInclude>
    <ClInclude Include="system\dtypes\CDataFrame.h">
      <Filter>Header Files</Filter>
    </ClInclude>
    <ClInclude Include="python\PythonWrapper.h">
      <Filter>Header Files</Filter>
    </ClInclude>
    <ClInclude Include="python\registertopython.h">
      <Filter>Header Files</Filter>
    </ClInclude>
    <ClInclude Include="python\packages\pkg_scisuit.h">
      <Filter>Header Files</Filter>
    </ClInclude>
    <ClInclude Include="python\callbackfunction.h">
      <Filter>Header Files</Filter>
    </ClInclude>
    <ClInclude Include="icons\sz16\icons16.h">
      <Filter>Header Files</Filter>
    </ClInclude>
    <ClInclude Include="lua\luautil.h">
      <Filter>Header Files</Filter>
    </ClInclude>
    <ClInclude Include="icons\sz32\icons32.h">
      <Filter>Header Files</Filter>
    </ClInclude>
    <ClInclude Include="mainfrm\frmextensionmngr.h">
      <Filter>Header Files</Filter>
    </ClInclude>
    <ClInclude Include="mainfrm\extension.h">
      <Filter>Header Files</Filter>
    </ClInclude>
    <ClInclude Include="icell\workbook.h">
      <Filter>Header Files</Filter>
    </ClInclude>
    <ClInclude Include="icell\worksheet.h">
      <Filter>Header Files</Filter>
    </ClInclude>
    <ClInclude Include="scripting\cmdedit\pnlpathbrowse.h">
      <Filter>Header Files</Filter>
    </ClInclude>
    <ClInclude Include="scripting\cmdedit\pnlHistory.h">
      <Filter>Header Files</Filter>
    </ClInclude>
    <ClInclude Include="scripting\cmdedit\pnlvariablebrowser.h">
      <Filter>Header Files</Filter>
    </ClInclude>
    <ClInclude Include="icell\wsntbk.h">
      <Filter>Header Files</Filter>
    </ClInclude>
    <ClInclude Include="icell\popupalign.h">
      <Filter>Header Files</Filter>
    </ClInclude>
    <ClInclude Include="lua\registerribbontoluavm.h">
      <Filter>Header Files</Filter>
    </ClInclude>
    <ClInclude Include="mainfrm\topbar.h">
      <Filter>Header Files</Filter>
    </ClInclude>
    <ClInclude Include="lua\widgets\menuelem.h">
      <Filter>Header Files</Filter>
    </ClInclude>
    <ClInclude Include="lua\widgets\buttons.h">
      <Filter>Header Files</Filter>
    </ClInclude>
    <ClInclude Include="lua\widgets\toolbarntbk.h">
      <Filter>Header Files</Filter>
    </ClInclude>
    <ClInclude Include="lua\widgets\baseelement.h">
      <Filter>Header Files</Filter>
    </ClInclude>
    <ClInclude Include="lua\widgets\panel.h">
      <Filter>Header Files</Filter>
    </ClInclude>
    <ClInclude Include="mainfrm\popupapps.h">
      <Filter>Header Files</Filter>
    </ClInclude>
    <ClInclude Include="consts.h">
      <Filter>Header Files</Filter>
    </ClInclude>
    <ClInclude Include="util\filearchive.h">
      <Filter>Header Files</Filter>
    </ClInclude>
    <ClInclude Include="util\util_funcs.h">
      <Filter>Header Files</Filter>
    </ClInclude>
    <ClInclude Include="mainfrm\interactstatbar.h">
      <Filter>Header Files</Filter>
    </ClInclude>
    <ClInclude Include="util\cdate.h">
      <Filter>Header Files</Filter>
    </ClInclude>
    <ClInclude Include="util\recentfiles.h">
      <Filter>Header Files</Filter>
    </ClInclude>
  </ItemGroup>
  <ItemGroup>
    <ResourceCompile Include="macroland.rc">
      <Filter>Resource Files</Filter>
    </ResourceCompile>
  </ItemGroup>
  <ItemGroup>
    <Image Include="icons\resource\AppIcon.ico">
      <Filter>Resource Files</Filter>
    </Image>
  </ItemGroup>
  <ItemGroup>
    <None Include="cpp.hint" />
    <None Include="icons\sz32\font_bold.xpm" />
    <None Include="icons\sz32\font_italic.xpm" />
    <None Include="icons\font_underlined.xpm" />
    <None Include="icons\format_fillcolor.xpm" />
    <None Include="icons\format_fontcolor.xpm" />
    <None Include="icons\lua_icon.xpm" />
    <None Include="icons\sz16\replace.xpm" />
    <None Include="icons\sz16\replaceAll.xpm" />
    <None Include="icons\sz32\script_load.xpm" />
    <None Include="icons\script_new.xpm" />
    <None Include="icons\sz32\settings.xpm" />
    <None Include="icons\shapes_arrow.xpm" />
    <None Include="icons\shapes_rectangle.xpm" />
    <None Include="icons\shapes_text.xpm" />
    <None Include="icons\shapes_triangle.xpm" />
    <None Include="icons\workbook_import.xpm" />
    <None Include="icons\workbook_remove_duplicates.xpm" />
    <None Include="icons\workbook_text_to_columns.xpm" />
    <None Include="icons\autocodecompletion\curlybraces.xpm" />
    <None Include="icons\autocodecompletion\function_symbol.xpm" />
    <None Include="icons\autocodecompletion\number_symbol.xpm" />
    <None Include="icons\autocodecompletion\string_symbol.xpm" />
    <None Include="icons\sz32\python_logo.xpm" />
    <None Include="icons\sz32\format_fontcolor.xpm" />
    <None Include="icons\sz32\font_underlined.xpm" />
    <None Include="icons\sz32\format_fillcolor.xpm" />
    <None Include="icons\sz32\script_new.xpm" />
    <None Include="icons\sz16\py_logo16.xpm" />
    <None Include="icons\sz32\pyc_logo32.xpm" />
    <None Include="icons\sz16\align_horizontalcenter.xpm" />
    <None Include="icons\sz16\align_left.xpm" />
    <None Include="icons\sz16\align_right.xpm" />
    <None Include="icons\sz16\align_verticalbottom.xpm" />
    <None Include="icons\sz16\align_verticalcenter.xpm" />
    <None Include="icons\sz16\align_verticaltop.xpm" />
    <None Include="icons\sz16\delete.xpm" />
    <None Include="icons\sz32\fontproperties.xpm" />
    <None Include="icons\mainframeicon.xpm" />
  </ItemGroup>
</Project>