
Microsoft Visual Studio Solution File, Format Version 12.00
# Visual Studio Version 17
VisualStudioVersion = 17.5.33424.131
MinimumVisualStudioVersion = 10.0.40219.1
Project("{8BC9CEB8-8B4A-11D0-8D11-00A0C91BC942}") = "script", "script\script.vcxproj", "{008D24D2-8426-49ED-BE86-75D182499E9D}"
EndProject
Project("{8BC9CEB8-8B4A-11D0-8D11-00A0C91BC942}") = "grid", "grid\grid.vcxproj", "{F180448E-7ECA-48A6-8CF3-AE33B84AB3FC}"
EndProject
Project("{8BC9CEB8-8B4A-11D0-8D11-00A0C91BC942}") = "macroland", "macroland\macroland.vcxproj", "{CA0B4599-0CC6-462D-B0AB-0C6227746FE9}"
	ProjectSection(ProjectDependencies) = postProject
		{008D24D2-8426-49ED-BE86-75D182499E9D} = {008D24D2-8426-49ED-BE86-75D182499E9D}
		{F180448E-7ECA-48A6-8CF3-AE33B84AB3FC} = {F180448E-7ECA-48A6-8CF3-AE33B84AB3FC}
	EndProjectSection
EndProject
Project("{8BC9CEB8-8B4A-11D0-8D11-00A0C91BC942}") = "pypkgmngr", "pypkgmngr\pypkgmngr.vcxproj", "{CFB840FF-9F61-4F89-991F-5CDB8B0598AF}"
EndProject
Global
	GlobalSection(SolutionConfigurationPlatforms) = preSolution
		Debug|x64 = Debug|x64
		Debug|x86 = Debug|x86
		DLL Debug|x64 = DLL Debug|x64
		DLL Debug|x86 = DLL Debug|x86
		DLL Release|x64 = DLL Release|x64
		DLL Release|x86 = DLL Release|x86
		Release|x64 = Release|x64
		Release|x86 = Release|x86
	EndGlobalSection
	GlobalSection(ProjectConfigurationPlatforms) = postSolution
		{008D24D2-8426-49ED-BE86-75D182499E9D}.Debug|x64.ActiveCfg = Debug|x64
		{008D24D2-8426-49ED-BE86-75D182499E9D}.Debug|x64.Build.0 = Debug|x64
		{008D24D2-8426-49ED-BE86-75D182499E9D}.Debug|x86.ActiveCfg = Debug|Win32
		{008D24D2-8426-49ED-BE86-75D182499E9D}.Debug|x86.Build.0 = Debug|Win32
		{008D24D2-8426-49ED-BE86-75D182499E9D}.DLL Debug|x64.ActiveCfg = Debug|x64
		{008D24D2-8426-49ED-BE86-75D182499E9D}.DLL Debug|x64.Build.0 = Debug|x64
		{008D24D2-8426-49ED-BE86-75D182499E9D}.DLL Debug|x86.ActiveCfg = Debug|Win32
		{008D24D2-8426-49ED-BE86-75D182499E9D}.DLL Debug|x86.Build.0 = Debug|Win32
		{008D24D2-8426-49ED-BE86-75D182499E9D}.DLL Release|x64.ActiveCfg = Release|x64
		{008D24D2-8426-49ED-BE86-75D182499E9D}.DLL Release|x64.Build.0 = Release|x64
		{008D24D2-8426-49ED-BE86-75D182499E9D}.DLL Release|x86.ActiveCfg = Release|Win32
		{008D24D2-8426-49ED-BE86-75D182499E9D}.DLL Release|x86.Build.0 = Release|Win32
		{008D24D2-8426-49ED-BE86-75D182499E9D}.Release|x64.ActiveCfg = Release|x64
		{008D24D2-8426-49ED-BE86-75D182499E9D}.Release|x64.Build.0 = Release|x64
		{008D24D2-8426-49ED-BE86-75D182499E9D}.Release|x86.ActiveCfg = Release|Win32
		{008D24D2-8426-49ED-BE86-75D182499E9D}.Release|x86.Build.0 = Release|Win32
		{F180448E-7ECA-48A6-8CF3-AE33B84AB3FC}.Debug|x64.ActiveCfg = Debug|x64
		{F180448E-7ECA-48A6-8CF3-AE33B84AB3FC}.Debug|x64.Build.0 = Debug|x64
		{F180448E-7ECA-48A6-8CF3-AE33B84AB3FC}.Debug|x86.ActiveCfg = Debug|x64
		{F180448E-7ECA-48A6-8CF3-AE33B84AB3FC}.Debug|x86.Build.0 = Debug|x64
		{F180448E-7ECA-48A6-8CF3-AE33B84AB3FC}.DLL Debug|x64.ActiveCfg = Debug|x64
		{F180448E-7ECA-48A6-8CF3-AE33B84AB3FC}.DLL Debug|x64.Build.0 = Debug|x64
		{F180448E-7ECA-48A6-8CF3-AE33B84AB3FC}.DLL Debug|x86.ActiveCfg = Debug|x64
		{F180448E-7ECA-48A6-8CF3-AE33B84AB3FC}.DLL Debug|x86.Build.0 = Debug|x64
		{F180448E-7ECA-48A6-8CF3-AE33B84AB3FC}.DLL Release|x64.ActiveCfg = Release|x64
		{F180448E-7ECA-48A6-8CF3-AE33B84AB3FC}.DLL Release|x64.Build.0 = Release|x64
		{F180448E-7ECA-48A6-8CF3-AE33B84AB3FC}.DLL Release|x86.ActiveCfg = Release|x64
		{F180448E-7ECA-48A6-8CF3-AE33B84AB3FC}.DLL Release|x86.Build.0 = Release|x64
		{F180448E-7ECA-48A6-8CF3-AE33B84AB3FC}.Release|x64.ActiveCfg = Release|x64
		{F180448E-7ECA-48A6-8CF3-AE33B84AB3FC}.Release|x64.Build.0 = Release|x64
		{F180448E-7ECA-48A6-8CF3-AE33B84AB3FC}.Release|x86.ActiveCfg = Release|x64
		{F180448E-7ECA-48A6-8CF3-AE33B84AB3FC}.Release|x86.Build.0 = Release|x64
		{CA0B4599-0CC6-462D-B0AB-0C6227746FE9}.Debug|x64.ActiveCfg = Debug|x64
		{CA0B4599-0CC6-462D-B0AB-0C6227746FE9}.Debug|x64.Build.0 = Debug|x64
		{CA0B4599-0CC6-462D-B0AB-0C6227746FE9}.Debug|x86.ActiveCfg = Debug|Win32
		{CA0B4599-0CC6-462D-B0AB-0C6227746FE9}.Debug|x86.Build.0 = Debug|Win32
		{CA0B4599-0CC6-462D-B0AB-0C6227746FE9}.DLL Debug|x64.ActiveCfg = Debug|x64
		{CA0B4599-0CC6-462D-B0AB-0C6227746FE9}.DLL Debug|x64.Build.0 = Debug|x64
		{CA0B4599-0CC6-462D-B0AB-0C6227746FE9}.DLL Debug|x86.ActiveCfg = Debug|Win32
		{CA0B4599-0CC6-462D-B0AB-0C6227746FE9}.DLL Debug|x86.Build.0 = Debug|Win32
		{CA0B4599-0CC6-462D-B0AB-0C6227746FE9}.DLL Release|x64.ActiveCfg = Release|x64
		{CA0B4599-0CC6-462D-B0AB-0C6227746FE9}.DLL Release|x64.Build.0 = Release|x64
		{CA0B4599-0CC6-462D-B0AB-0C6227746FE9}.DLL Release|x86.ActiveCfg = Release|Win32
		{CA0B4599-0CC6-462D-B0AB-0C6227746FE9}.DLL Release|x86.Build.0 = Release|Win32
		{CA0B4599-0CC6-462D-B0AB-0C6227746FE9}.Release|x64.ActiveCfg = Release|x64
		{CA0B4599-0CC6-462D-B0AB-0C6227746FE9}.Release|x64.Build.0 = Release|x64
		{CA0B4599-0CC6-462D-B0AB-0C6227746FE9}.Release|x86.ActiveCfg = Release|Win32
		{CA0B4599-0CC6-462D-B0AB-0C6227746FE9}.Release|x86.Build.0 = Release|Win32
		{CFB840FF-9F61-4F89-991F-5CDB8B0598AF}.Debug|x64.ActiveCfg = Debug|x64
		{CFB840FF-9F61-4F89-991F-5CDB8B0598AF}.Debug|x64.Build.0 = Debug|x64
		{CFB840FF-9F61-4F89-991F-5CDB8B0598AF}.Debug|x86.ActiveCfg = Debug|Win32
		{CFB840FF-9F61-4F89-991F-5CDB8B0598AF}.Debug|x86.Build.0 = Debug|Win32
		{CFB840FF-9F61-4F89-991F-5CDB8B0598AF}.DLL Debug|x64.ActiveCfg = Debug|x64
		{CFB840FF-9F61-4F89-991F-5CDB8B0598AF}.DLL Debug|x64.Build.0 = Debug|x64
		{CFB840FF-9F61-4F89-991F-5CDB8B0598AF}.DLL Debug|x86.ActiveCfg = Debug|Win32
		{CFB840FF-9F61-4F89-991F-5CDB8B0598AF}.DLL Debug|x86.Build.0 = Debug|Win32
		{CFB840FF-9F61-4F89-991F-5CDB8B0598AF}.DLL Release|x64.ActiveCfg = Release|x64
		{CFB840FF-9F61-4F89-991F-5CDB8B0598AF}.DLL Release|x64.Build.0 = Release|x64
		{CFB840FF-9F61-4F89-991F-5CDB8B0598AF}.DLL Release|x86.ActiveCfg = Release|Win32
		{CFB840FF-9F61-4F89-991F-5CDB8B0598AF}.DLL Release|x86.Build.0 = Release|Win32
		{CFB840FF-9F61-4F89-991F-5CDB8B0598AF}.Release|x64.ActiveCfg = Release|x64
		{CFB840FF-9F61-4F89-991F-5CDB8B0598AF}.Release|x64.Build.0 = Release|x64
		{CFB840FF-9F61-4F89-991F-5CDB8B0598AF}.Release|x86.ActiveCfg = Release|Win32
		{CFB840FF-9F61-4F89-991F-5CDB8B0598AF}.Release|x86.Build.0 = Release|Win32
	EndGlobalSection
	GlobalSection(SolutionProperties) = preSolution
		HideSolutionNode = FALSE
	EndGlobalSection
	GlobalSection(ExtensibilityGlobals) = postSolution
		SolutionGuid = {B150A648-E2F7-49B4-A1DE-D4E508B70D64}
	EndGlobalSection
EndGlobal
